
Microsoft Visual Studio Solution File, Format Version 12.00
# Visual Studio Version 17
VisualStudioVersion = 17.8.34316.72
MinimumVisualStudioVersion = 10.0.40219.1
Project("{9A19103F-16F7-4668-BE54-9A1E7A4F7556}") = "QuickLinker.API", "QuickLinker\QuickLinker.API.csproj", "{568FCB6E-2EE8-4E94-8E27-3EBCC6D3F3B0}"
EndProject
Global
	GlobalSection(SolutionConfigurationPlatforms) = preSolution
		Debug|Any CPU = Debug|Any CPU
		Release|Any CPU = Release|Any CPU
	EndGlobalSection
	GlobalSection(ProjectConfigurationPlatforms) = postSolution
		{568FCB6E-2EE8-4E94-8E27-3EBCC6D3F3B0}.Debug|Any CPU.ActiveCfg = Debug|Any CPU
		{568FCB6E-2EE8-4E94-8E27-3EBCC6D3F3B0}.Debug|Any CPU.Build.0 = Debug|Any CPU
		{568FCB6E-2EE8-4E94-8E27-3EBCC6D3F3B0}.Release|Any CPU.ActiveCfg = Release|Any CPU
		{568FCB6E-2EE8-4E94-8E27-3EBCC6D3F3B0}.Release|Any CPU.Build.0 = Release|Any CPU
	EndGlobalSection
	GlobalSection(SolutionProperties) = preSolution
		HideSolutionNode = FALSE
	EndGlobalSection
	GlobalSection(ExtensibilityGlobals) = postSolution
		SolutionGuid = {104EC64C-4B30-4217-B11E-21037FD7180E}
	EndGlobalSection
EndGlobal
